
Microsoft Visual Studio Solution File, Format Version 12.00
# Visual Studio 2013
VisualStudioVersion = 12.0.21005.1
MinimumVisualStudioVersion = 10.0.40219.1
Project("{8BC9CEB8-8B4A-11D0-8D11-00A0C91BC942}") = "OpenGLGraphics", "OpenGLGraphics.vcxproj", "{916E712E-973B-4DE8-8D54-63C060BB9296}"
	ProjectSection(ProjectDependencies) = postProject
		{98D6B51B-CB0A-4389-ADC6-24082B967C3F} = {98D6B51B-CB0A-4389-ADC6-24082B967C3F}
	EndProjectSection
EndProject
Project("{8BC9CEB8-8B4A-11D0-8D11-00A0C91BC942}") = "nclgl", "..\nclgl\nclgl.vcxproj", "{98D6B51B-CB0A-4389-ADC6-24082B967C3F}"
EndProject
Project("{2150E333-8FDC-42A3-9474-1A3956D46DE8}") = "OpenGLNCL", "OpenGLNCL", "{85CC4494-0410-4E71-8C4F-D94B09A959D1}"
EndProject
Global
	GlobalSection(SolutionConfigurationPlatforms) = preSolution
		Debug|Win32 = Debug|Win32
		Release|Win32 = Release|Win32
	EndGlobalSection
	GlobalSection(ProjectConfigurationPlatforms) = postSolution
		{916E712E-973B-4DE8-8D54-63C060BB9296}.Debug|Win32.ActiveCfg = Debug|Win32
		{916E712E-973B-4DE8-8D54-63C060BB9296}.Debug|Win32.Build.0 = Debug|Win32
		{916E712E-973B-4DE8-8D54-63C060BB9296}.Release|Win32.ActiveCfg = Release|Win32
		{916E712E-973B-4DE8-8D54-63C060BB9296}.Release|Win32.Build.0 = Release|Win32
		{98D6B51B-CB0A-4389-ADC6-24082B967C3F}.Debug|Win32.ActiveCfg = Debug|Win32
		{98D6B51B-CB0A-4389-ADC6-24082B967C3F}.Debug|Win32.Build.0 = Debug|Win32
		{98D6B51B-CB0A-4389-ADC6-24082B967C3F}.Release|Win32.ActiveCfg = Release|Win32
		{98D6B51B-CB0A-4389-ADC6-24082B967C3F}.Release|Win32.Build.0 = Release|Win32
	EndGlobalSection
	GlobalSection(SolutionProperties) = preSolution
		HideSolutionNode = FALSE
	EndGlobalSection
	GlobalSection(NestedProjects) = preSolution
		{98D6B51B-CB0A-4389-ADC6-24082B967C3F} = {85CC4494-0410-4E71-8C4F-D94B09A959D1}
		{916E712E-973B-4DE8-8D54-63C060BB9296} = {85CC4494-0410-4E71-8C4F-D94B09A959D1}
	EndGlobalSection
EndGlobal
